lockfileVersion: '9.0'

settings:
  autoInstallPeers: true
  excludeLinksFromLockfile: false

importers:

  .:
    dependencies:
      '@coral-xyz/anchor':
        specifier: ^0.30.0
        version: 0.30.0(bufferutil@4.0.8)(utf-8-validate@5.0.10)
      '@lightprotocol/stateless.js':
        specifier: ^0.2.2
        version: 0.2.2(@coral-xyz/anchor@0.30.0(bufferutil@4.0.8)(utf-8-validate@5.0.10))(@solana/web3.js@1.91.8(bufferutil@4.0.8)(utf-8-validate@5.0.10))
      '@solana/web3.js':
        specifier: ^1.91.8
        version: 1.91.8(bufferutil@4.0.8)(utf-8-validate@5.0.10)
    devDependencies:
      '@types/node':
        specifier: ^20.12.8
        version: 20.12.8
      typescript:
        specifier: ^5.4.5
        version: 5.4.5

packages:

  '@babel/runtime@7.24.5':
    resolution: {integrity: sha512-Nms86NXrsaeU9vbBJKni6gXiEXZ4CVpYVzEjDH9Sb8vmZ3UljyA1GSOJl/6LGPO8EHLuSF9H+IxNXHPX8QHJ4g==}
    engines: {node: '>=6.9.0'}

  '@coral-xyz/anchor@0.30.0':
    resolution: {integrity: sha512-qreDh5ztiRHVnCbJ+RS70NJ6aSTPBYDAgFeQ7Z5QvaT5DcDIhNyt4onOciVz2ieIE1XWePOJDDu9SbNvPGBkvQ==}
    engines: {node: '>=11'}

  '@coral-xyz/borsh@0.30.0':
    resolution: {integrity: sha512-OrcV+7N10cChhgDRUxM4iEIuwxUHHs52XD85R8cFCUqE0vbLYrcoPPPs+VF6kZ9DhdJGVW2I6DHJOp5TykyZog==}
    engines: {node: '>=10'}
    peerDependencies:
      '@solana/web3.js': ^1.68.0

  '@lightprotocol/hasher.rs@0.1.0-alpha.1':
    resolution: {integrity: sha512-YnvUywS2XwFcFnpe0TeOx9cGc/eJ5PjoHuZeCIFE+GDf9SfrBhykRgtvY+KuHQFJtYd8/mwCCIZX6PPB9vcAkg==}

  '@lightprotocol/stateless.js@0.2.2':
    resolution: {integrity: sha512-0/5eCdb7EbSrv63IWI4WQvuZJcDHw9OOWYyth+K0rSBF4kjVOI52AWy7Ywqcc5VS4LNWkvGbKEVhgxMciLhu8A==}
    peerDependencies:
      '@coral-xyz/anchor': ^0.29.0
      '@solana/web3.js': ^1.87.6

  '@noble/curves@1.4.0':
    resolution: {integrity: sha512-p+4cb332SFCrReJkCYe8Xzm0OWi4Jji5jVdIZRL/PmacmDkFNw6MrrV+gGpiPxLHbV+zKFRywUWbaseT+tZRXg==}

  '@noble/hashes@1.4.0':
    resolution: {integrity: sha512-V1JJ1WTRUqHHrOSh597hURcMqVKVGL/ea3kv0gSnEdsEZ0/+VyPghM1lMNGc00z7CIQorSvbKpuJkxvuHbvdbg==}
    engines: {node: '>= 16'}

  '@solana/buffer-layout@4.0.1':
    resolution: {integrity: sha512-E1ImOIAD1tBZFRdjeM4/pzTiTApC0AOBGwyAMS4fwIodCWArzJ3DWdoh8cKxeFM2fElkxBh2Aqts1BPC373rHA==}
    engines: {node: '>=5.10'}

  '@solana/web3.js@1.91.8':
    resolution: {integrity: sha512-USa6OS1jbh8zOapRJ/CBZImZ8Xb7AJjROZl5adql9TpOoBN9BUzyyouS5oPuZHft7S7eB8uJPuXWYjMi6BHgOw==}

  '@types/connect@3.4.38':
    resolution: {integrity: sha512-K6uROf1LD88uDQqJCktA4yzL1YYAK6NgfsI0v/mTgyPKWsX1CnJ0XPSDhViejru1GcRkLWb8RlzFYJRqGUbaug==}

  '@types/node@12.20.55':
    resolution: {integrity: sha512-J8xLz7q2OFulZ2cyGTLE1TbbZcjpno7FaN6zdJNrgAdrJ+DZzh/uFR6YrTb4C+nXakvud8Q4+rbhoIWlYQbUFQ==}

  '@types/node@20.12.8':
    resolution: {integrity: sha512-NU0rJLJnshZWdE/097cdCBbyW1h4hEg0xpovcoAQYHl8dnEyp/NAOiE45pvc+Bd1Dt+2r94v2eGFpQJ4R7g+2w==}

  '@types/ws@7.4.7':
    resolution: {integrity: sha512-JQbbmxZTZehdc2iszGKs5oC3NFnjeay7mtAWrdt7qNtAVK0g19muApzAy4bm9byz79xa2ZnO/BOBC2R8RC5Lww==}

  JSONStream@1.3.5:
    resolution: {integrity: sha512-E+iruNOY8VV9s4JEbe1aNEm6MiszPRr/UfcHMz0TQh1BXSxHK+ASV1R6W4HpjBhSeS+54PIsAMCBmwD06LLsqQ==}
    hasBin: true

  agentkeepalive@4.5.0:
    resolution: {integrity: sha512-5GG/5IbQQpC9FpkRGsSvZI5QYeSCzlJHdpBQntCsuTOxhKD8lqKhrleg2Yi7yvMIf82Ycmmqln9U8V9qwEiJew==}
    engines: {node: '>= 8.0.0'}

  base-x@3.0.9:
    resolution: {integrity: sha512-H7JU6iBHTal1gp56aKoaa//YUxEaAOUiydvrV/pILqIHXTtqxSkATOnDA2u+jZ/61sD+L/412+7kzXRtWukhpQ==}

  base64-js@1.5.1:
    resolution: {integrity: sha512-AKpaYlHn8t4SVbOHCy+b5+KKgvR4vrsD8vbvrbiQJps7fKDTkjkDry6ji0rUJjC0kzbNePLwzxq8iypo41qeWA==}

  bigint-buffer@1.1.5:
    resolution: {integrity: sha512-trfYco6AoZ+rKhKnxA0hgX0HAbVP/s808/EuDSe2JDzUnCp/xAsli35Orvk67UrTEcwuxZqYZDmfA2RXJgxVvA==}
    engines: {node: '>= 10.0.0'}

  bindings@1.5.0:
    resolution: {integrity: sha512-p2q/t/mhvuOj/UeLlV6566GD/guowlr0hHxClI0W9m7MWYkL1F0hLo+0Aexs9HSPCtR1SXQ0TD3MMKrXZajbiQ==}

  bn.js@5.2.1:
    resolution: {integrity: sha512-eXRvHzWyYPBuB4NBy0cmYQjGitUrtqwbvlzP3G6VFnNRbsZQIxQ10PbKKHt8gZ/HW/D/747aDl+QkDqg3KQLMQ==}

  borsh@0.7.0:
    resolution: {integrity: sha512-CLCsZGIBCFnPtkNnieW/a8wmreDmfUtjU2m9yHrzPXIlNbqVs0AQrSatSG6vdNYUqdc83tkQi2eHfF98ubzQLA==}

  bs58@4.0.1:
    resolution: {integrity: sha512-Ok3Wdf5vOIlBrgCvTq96gBkJw+JUEzdBgyaza5HLtPm7yTHkjRy8+JzNyHF7BHa0bNWOQIp3m5YF0nnFcOIKLw==}

  buffer-layout@1.2.2:
    resolution: {integrity: sha512-kWSuLN694+KTk8SrYvCqwP2WcgQjoRCiF5b4QDvkkz8EmgD+aWAIceGFKMIAdmF/pH+vpgNV3d3kAKorcdAmWA==}
    engines: {node: '>=4.5'}

  buffer@6.0.3:
    resolution: {integrity: sha512-FTiCpNxtwiZZHEZbcbTIcZjERVICn9yq/pDFkTl95/AxzD1naBctN7YO68riM/gLSDY7sdrMby8hofADYuuqOA==}

  bufferutil@4.0.8:
    resolution: {integrity: sha512-4T53u4PdgsXqKaIctwF8ifXlRTTmEPJ8iEPWFdGZvcf7sbwYo6FKFEX9eNNAnzFZ7EzJAQ3CJeOtCRA4rDp7Pw==}
    engines: {node: '>=6.14.2'}

  camelcase@6.3.0:
    resolution: {integrity: sha512-Gmy6FhYlCY7uOElZUSbxo2UCDH8owEk996gkbrpsgGtrJLM3J7jGxl9Ic7Qwwj4ivOE5AWZWRMecDdF7hqGjFA==}
    engines: {node: '>=10'}

  commander@2.20.3:
    resolution: {integrity: sha512-GpVkmM8vF2vQUkj2LvZmD35JxeJOLCwJ9cUkugyk2nuhbv3+mJvpLYYt+0+USMxE+oj+ey/lJEnhZw75x/OMcQ==}

  cross-fetch@3.1.8:
    resolution: {integrity: sha512-cvA+JwZoU0Xq+h6WkMvAUqPEYy92Obet6UdKLfW60qn99ftItKjB5T+BkyWOFWe2pUyfQ+IJHmpOTznqk1M6Kg==}

  crypto-hash@1.3.0:
    resolution: {integrity: sha512-lyAZ0EMyjDkVvz8WOeVnuCPvKVBXcMv1l5SVqO1yC7PzTwrD/pPje/BIRbWhMoPe436U+Y2nD7f5bFx0kt+Sbg==}
    engines: {node: '>=8'}

  delay@5.0.0:
    resolution: {integrity: sha512-ReEBKkIfe4ya47wlPYf/gu5ib6yUG0/Aez0JQZQz94kiWtRQvZIQbTiehsnwHvLSWJnQdhVeqYue7Id1dKr0qw==}
    engines: {node: '>=10'}

  dot-case@3.0.4:
    resolution: {integrity: sha512-Kv5nKlh6yRrdrGvxeJ2e5y2eRUpkUosIW4A2AS38zwSz27zu7ufDwQPi5Jhs3XAlGNetl3bmnGhQsMtkKJnj3w==}

  es6-promise@4.2.8:
    resolution: {integrity: sha512-HJDGx5daxeIvxdBxvG2cb9g4tEvwIk3i8+nhX0yGrYmZUzbkdg8QbDevheDB8gd0//uPj4c1EQua8Q+MViT0/w==}

  es6-promisify@5.0.0:
    resolution: {integrity: sha512-C+d6UdsYDk0lMebHNR4S2NybQMMngAOnOwYBQjTOiv0MkoJMP0Myw2mgpDLBcpfCmRLxyFqYhS/CfOENq4SJhQ==}

  eventemitter3@4.0.7:
    resolution: {integrity: sha512-8guHBZCwKnFhYdHr2ysuRWErTwhoN2X8XELRlrRwpmfeY2jjuUN4taQMsULKUVo1K4DvZl+0pgfyoysHxvmvEw==}

  eyes@0.1.8:
    resolution: {integrity: sha512-GipyPsXO1anza0AOZdy69Im7hGFCNB7Y/NGjDlZGJ3GJJLtwNSb2vrzYrTYJRrRloVx7pl+bhUaTB8yiccPvFQ==}
    engines: {node: '> 0.1.90'}

  fast-stable-stringify@1.0.0:
    resolution: {integrity: sha512-wpYMUmFu5f00Sm0cj2pfivpmawLZ0NKdviQ4w9zJeR8JVtOpOxHmLaJuj0vxvGqMJQWyP/COUkF75/57OKyRag==}

  file-uri-to-path@1.0.0:
    resolution: {integrity: sha512-0Zt+s3L7Vf1biwWZ29aARiVYLx7iMGnEUl9x33fbB/j3jR81u/O2LbqK+Bm1CDSNDKVtJ/YjwY7TUd5SkeLQLw==}

  humanize-ms@1.2.1:
    resolution: {integrity: sha512-Fl70vYtsAFb/C06PTS9dZBo7ihau+Tu/DNCk/OyHhea07S+aeMWpFFkUaXRa8fI+ScZbEI8dfSxwY7gxZ9SAVQ==}

  ieee754@1.2.1:
    resolution: {integrity: sha512-dcyqhDvX1C46lXZcVqCpK+FtMRQVdIMN6/Df5js2zouUsqG7I6sFxitIC+7KYK29KdXOLHdu9zL4sFnoVQnqaA==}

  isomorphic-ws@4.0.1:
    resolution: {integrity: sha512-BhBvN2MBpWTaSHdWRb/bwdZJ1WaehQ2L1KngkCkfLUGF0mAWAT1sQUQacEmQ0jXkFw/czDXPNQSL5u2/Krsz1w==}
    peerDependencies:
      ws: '*'

  jayson@4.1.0:
    resolution: {integrity: sha512-R6JlbyLN53Mjku329XoRT2zJAE6ZgOQ8f91ucYdMCD4nkGCF9kZSrcGXpHIU4jeKj58zUZke2p+cdQchU7Ly7A==}
    engines: {node: '>=8'}
    hasBin: true

  json-stringify-safe@5.0.1:
    resolution: {integrity: sha512-ZClg6AaYvamvYEE82d3Iyd3vSSIjQ+odgjaTzRuO3s7toCdFKczob2i0zCh7JE8kWn17yvAWhUVxvqGwUalsRA==}

  jsonparse@1.3.1:
    resolution: {integrity: sha512-POQXvpdL69+CluYsillJ7SUhKvytYjW9vG/GKpnf+xP8UWgYEM/RaMzHHofbALDiKbbP1W8UEYmgGl39WkPZsg==}
    engines: {'0': node >= 0.2.0}

  lower-case@2.0.2:
    resolution: {integrity: sha512-7fm3l3NAF9WfN6W3JOmf5drwpVqX78JtoGJ3A6W0a6ZnldM41w2fV5D490psKFTpMds8TJse/eHLFFsNHHjHgg==}

  ms@2.1.3:
    resolution: {integrity: sha512-6FlzubTLZG3J2a/NVCAleEhjzq5oxgHyaCU9yYXvcLsvoVaHJq/s5xXI6/XXP6tz7R9xAOtHnSO/tXtF3WRTlA==}

  no-case@3.0.4:
    resolution: {integrity: sha512-fgAN3jGAh+RoxUGZHTSOLJIqUc2wmoBwGR4tbpNAKmmovFoWq0OdRkb0VkldReO2a2iBT/OEulG9XSUc10r3zg==}

  node-fetch@2.7.0:
    resolution: {integrity: sha512-c4FRfUm/dbcWZ7U+1Wq0AwCyFL+3nt2bEw05wfxSz+DWpWsitgmSgYmy2dQdWyKC1694ELPqMs/YzUSNozLt8A==}
    engines: {node: 4.x || >=6.0.0}
    peerDependencies:
      encoding: ^0.1.0
    peerDependenciesMeta:
      encoding:
        optional: true

  node-gyp-build@4.8.1:
    resolution: {integrity: sha512-OSs33Z9yWr148JZcbZd5WiAXhh/n9z8TxQcdMhIOlpN9AhWpLfvVFO73+m77bBABQMaY9XSvIa+qk0jlI7Gcaw==}
    hasBin: true

  pako@2.1.0:
    resolution: {integrity: sha512-w+eufiZ1WuJYgPXbV/PO3NCMEc3xqylkKHzp8bxp1uW4qaSNQUkwmLLEc3kKsfz8lpV1F8Ht3U1Cm+9Srog2ug==}

  regenerator-runtime@0.14.1:
    resolution: {integrity: sha512-dYnhHh0nJoMfnkZs6GmmhFknAGRrLznOu5nc9ML+EJxGvrx6H7teuevqVqCuPcPK//3eDrrjQhehXVx9cnkGdw==}

  rpc-websockets@7.11.0:
    resolution: {integrity: sha512-IkLYjayPv6Io8C/TdCL5gwgzd1hFz2vmBZrjMw/SPEXo51ETOhnzgS4Qy5GWi2JQN7HKHa66J3+2mv0fgNh/7w==}

  safe-buffer@5.2.1:
    resolution: {integrity: sha512-rp3So07KcdmmKbGvgaNxQSJr7bGVSVk5S9Eq1F+ppbRo70+YeaDxkw5Dd8NPN+GD6bjnYm2VuPuCXmpuYvmCXQ==}

  snake-case@3.0.4:
    resolution: {integrity: sha512-LAOh4z89bGQvl9pFfNF8V146i7o7/CqFPbqzYgP+yYzDIDeS9HaNFtXABamRW+AQzEVODcvE79ljJ+8a9YSdMg==}

  superstruct@0.14.2:
    resolution: {integrity: sha512-nPewA6m9mR3d6k7WkZ8N8zpTWfenFH3q9pA2PkuiZxINr9DKB2+40wEQf0ixn8VaGuJ78AB6iWOtStI+/4FKZQ==}

  superstruct@0.15.5:
    resolution: {integrity: sha512-4AOeU+P5UuE/4nOUkmcQdW5y7i9ndt1cQd/3iUe+LTz3RxESf/W/5lg4B74HbDMMv8PHnPnGCQFH45kBcrQYoQ==}

  superstruct@1.0.4:
    resolution: {integrity: sha512-7JpaAoX2NGyoFlI9NBh66BQXGONc+uE+MRS5i2iOBKuS4e+ccgMDjATgZldkah+33DakBxDHiss9kvUcGAO8UQ==}
    engines: {node: '>=14.0.0'}

  text-encoding-utf-8@1.0.2:
    resolution: {integrity: sha512-8bw4MY9WjdsD2aMtO0OzOCY3pXGYNx2d2FfHRVUKkiCPDWjKuOlhLVASS+pD7VkLTVjW268LYJHwsnPFlBpbAg==}

  through@2.3.8:
    resolution: {integrity: sha512-w89qg7PI8wAdvX60bMDP+bFoD5Dvhm9oLheFp5O4a2QF0cSBGsBX4qZmadPMvVqlLJBBci+WqGGOAPvcDeNSVg==}

  toml@3.0.0:
    resolution: {integrity: sha512-y/mWCZinnvxjTKYhJ+pYxwD0mRLVvOtdS2Awbgxln6iEnt4rk0yBxeSBHkGJcPucRiG0e55mwWp+g/05rsrd6w==}

  tr46@0.0.3:
    resolution: {integrity: sha512-N3WMsuqV66lT30CrXNbEjx4GEwlow3v6rr4mCcv6prnfwhS01rkgyFdjPNBYd9br7LpXV1+Emh01fHnq2Gdgrw==}

  tslib@2.6.2:
    resolution: {integrity: sha512-AEYxH93jGFPn/a2iVAwW87VuUIkR1FVUKB77NwMF7nBTDkDrrT/Hpt/IrCJ0QXhW27jTBDcf5ZY7w6RiqTMw2Q==}

  tweetnacl@1.0.3:
    resolution: {integrity: sha512-6rt+RN7aOi1nGMyC4Xa5DdYiukl2UWCbcJft7YhxReBGQD7OAM8Pbxw6YMo4r2diNEA8FEmu32YOn9rhaiE5yw==}

  typescript@5.4.5:
    resolution: {integrity: sha512-vcI4UpRgg81oIRUFwR0WSIHKt11nJ7SAVlYNIu+QpqeyXP+gpQJy/Z4+F0aGxSE4MqwjyXvW/TzgkLAx2AGHwQ==}
    engines: {node: '>=14.17'}
    hasBin: true

  undici-types@5.26.5:
    resolution: {integrity: sha512-JlCMO+ehdEIKqlFxk6IfVoAUVmgz7cU7zD/h9XZ0qzeosSHmUJVOzSQvvYSYWXkFXC+IfLKSIffhv0sVZup6pA==}

  utf-8-validate@5.0.10:
    resolution: {integrity: sha512-Z6czzLq4u8fPOyx7TU6X3dvUZVvoJmxSQ+IcrlmagKhilxlhZgxPK6C5Jqbkw1IDUmFTM+cz9QDnnLTwDz/2gQ==}
    engines: {node: '>=6.14.2'}

  uuid@8.3.2:
    resolution: {integrity: sha512-+NYs2QeMWy+GWFOEm9xnn6HCDp0l7QBD7ml8zLUmJ+93Q5NF0NocErnwkTkXVFNiX3/fpC6afS8Dhb/gz7R7eg==}
    hasBin: true

  webidl-conversions@3.0.1:
    resolution: {integrity: sha512-2JAn3z8AR6rjK8Sm8orRC0h/bcl/DqL7tRPdGZ4I1CjdF+EaMLmYxBHyXuKL849eucPFhvBoxMsflfOb8kxaeQ==}

  whatwg-url@5.0.0:
    resolution: {integrity: sha512-saE57nupxk6v3HY35+jzBwYa0rKSy0XR8JSxZPwgLr7ys0IBzhGviA1/TUGJLmSVqs8pb9AnvICXEuOHLprYTw==}

  ws@7.5.9:
    resolution: {integrity: sha512-F+P9Jil7UiSKSkppIiD94dN07AwvFixvLIj1Og1Rl9GGMuNipJnV9JzjD6XuqmAeiswGvUmNLjr5cFuXwNS77Q==}
    engines: {node: '>=8.3.0'}
    peerDependencies:
      bufferutil: ^4.0.1
      utf-8-validate: ^5.0.2
    peerDependenciesMeta:
      bufferutil:
        optional: true
      utf-8-validate:
        optional: true

  ws@8.17.0:
    resolution: {integrity: sha512-uJq6108EgZMAl20KagGkzCKfMEjxmKvZHG7Tlq0Z6nOky7YF7aq4mOx6xK8TJ/i1LeK4Qus7INktacctDgY8Ow==}
    engines: {node: '>=10.0.0'}
    peerDependencies:
      bufferutil: ^4.0.1
      utf-8-validate: '>=5.0.2'
    peerDependenciesMeta:
      bufferutil:
        optional: true
      utf-8-validate:
        optional: true

snapshots:

  '@babel/runtime@7.24.5':
    dependencies:
      regenerator-runtime: 0.14.1

  '@coral-xyz/anchor@0.30.0(bufferutil@4.0.8)(utf-8-validate@5.0.10)':
    dependencies:
      '@coral-xyz/borsh': 0.30.0(@solana/web3.js@1.91.8(bufferutil@4.0.8)(utf-8-validate@5.0.10))
      '@noble/hashes': 1.4.0
      '@solana/web3.js': 1.91.8(bufferutil@4.0.8)(utf-8-validate@5.0.10)
      bn.js: 5.2.1
      bs58: 4.0.1
      buffer-layout: 1.2.2
      camelcase: 6.3.0
      cross-fetch: 3.1.8
      crypto-hash: 1.3.0
      eventemitter3: 4.0.7
      pako: 2.1.0
      snake-case: 3.0.4
      superstruct: 0.15.5
      toml: 3.0.0
    transitivePeerDependencies:
      - bufferutil
      - encoding
      - utf-8-validate

  '@coral-xyz/borsh@0.30.0(@solana/web3.js@1.91.8(bufferutil@4.0.8)(utf-8-validate@5.0.10))':
    dependencies:
      '@solana/web3.js': 1.91.8(bufferutil@4.0.8)(utf-8-validate@5.0.10)
      bn.js: 5.2.1
      buffer-layout: 1.2.2

  '@lightprotocol/hasher.rs@0.1.0-alpha.1': {}

  '@lightprotocol/stateless.js@0.2.2(@coral-xyz/anchor@0.30.0(bufferutil@4.0.8)(utf-8-validate@5.0.10))(@solana/web3.js@1.91.8(bufferutil@4.0.8)(utf-8-validate@5.0.10))':
    dependencies:
      '@coral-xyz/anchor': 0.30.0(bufferutil@4.0.8)(utf-8-validate@5.0.10)
      '@lightprotocol/hasher.rs': 0.1.0-alpha.1
      '@noble/hashes': 1.4.0
      '@solana/web3.js': 1.91.8(bufferutil@4.0.8)(utf-8-validate@5.0.10)
      bn.js: 5.2.1
      buffer: 6.0.3
      superstruct: 1.0.4
      tweetnacl: 1.0.3

  '@noble/curves@1.4.0':
    dependencies:
      '@noble/hashes': 1.4.0

  '@noble/hashes@1.4.0': {}

  '@solana/buffer-layout@4.0.1':
    dependencies:
      buffer: 6.0.3

  '@solana/web3.js@1.91.8(bufferutil@4.0.8)(utf-8-validate@5.0.10)':
    dependencies:
      '@babel/runtime': 7.24.5
      '@noble/curves': 1.4.0
      '@noble/hashes': 1.4.0
      '@solana/buffer-layout': 4.0.1
      agentkeepalive: 4.5.0
      bigint-buffer: 1.1.5
      bn.js: 5.2.1
      borsh: 0.7.0
      bs58: 4.0.1
      buffer: 6.0.3
      fast-stable-stringify: 1.0.0
      jayson: 4.1.0(bufferutil@4.0.8)(utf-8-validate@5.0.10)
      node-fetch: 2.7.0
      rpc-websockets: 7.11.0
      superstruct: 0.14.2
    transitivePeerDependencies:
      - bufferutil
      - encoding
      - utf-8-validate

  '@types/connect@3.4.38':
    dependencies:
      '@types/node': 20.12.8

  '@types/node@12.20.55': {}

  '@types/node@20.12.8':
    dependencies:
      undici-types: 5.26.5

  '@types/ws@7.4.7':
    dependencies:
      '@types/node': 20.12.8

  JSONStream@1.3.5:
    dependencies:
      jsonparse: 1.3.1
      through: 2.3.8

  agentkeepalive@4.5.0:
    dependencies:
      humanize-ms: 1.2.1

  base-x@3.0.9:
    dependencies:
      safe-buffer: 5.2.1

  base64-js@1.5.1: {}

  bigint-buffer@1.1.5:
    dependencies:
      bindings: 1.5.0

  bindings@1.5.0:
    dependencies:
      file-uri-to-path: 1.0.0

  bn.js@5.2.1: {}

  borsh@0.7.0:
    dependencies:
      bn.js: 5.2.1
      bs58: 4.0.1
      text-encoding-utf-8: 1.0.2

  bs58@4.0.1:
    dependencies:
      base-x: 3.0.9

  buffer-layout@1.2.2: {}

  buffer@6.0.3:
    dependencies:
      base64-js: 1.5.1
      ieee754: 1.2.1

  bufferutil@4.0.8:
    dependencies:
      node-gyp-build: 4.8.1
    optional: true

  camelcase@6.3.0: {}

  commander@2.20.3: {}

  cross-fetch@3.1.8:
    dependencies:
      node-fetch: 2.7.0
    transitivePeerDependencies:
      - encoding

  crypto-hash@1.3.0: {}

  delay@5.0.0: {}

  dot-case@3.0.4:
    dependencies:
      no-case: 3.0.4
      tslib: 2.6.2

  es6-promise@4.2.8: {}

  es6-promisify@5.0.0:
    dependencies:
      es6-promise: 4.2.8

  eventemitter3@4.0.7: {}

  eyes@0.1.8: {}

  fast-stable-stringify@1.0.0: {}

  file-uri-to-path@1.0.0: {}

  humanize-ms@1.2.1:
    dependencies:
      ms: 2.1.3

  ieee754@1.2.1: {}

  isomorphic-ws@4.0.1(ws@7.5.9(bufferutil@4.0.8)(utf-8-validate@5.0.10)):
    dependencies:
      ws: 7.5.9(bufferutil@4.0.8)(utf-8-validate@5.0.10)

  jayson@4.1.0(bufferutil@4.0.8)(utf-8-validate@5.0.10):
    dependencies:
      '@types/connect': 3.4.38
      '@types/node': 12.20.55
      '@types/ws': 7.4.7
      JSONStream: 1.3.5
      commander: 2.20.3
      delay: 5.0.0
      es6-promisify: 5.0.0
      eyes: 0.1.8
      isomorphic-ws: 4.0.1(ws@7.5.9(bufferutil@4.0.8)(utf-8-validate@5.0.10))
      json-stringify-safe: 5.0.1
      uuid: 8.3.2
      ws: 7.5.9(bufferutil@4.0.8)(utf-8-validate@5.0.10)
    transitivePeerDependencies:
      - bufferutil
      - utf-8-validate

  json-stringify-safe@5.0.1: {}

  jsonparse@1.3.1: {}

  lower-case@2.0.2:
    dependencies:
      tslib: 2.6.2

  ms@2.1.3: {}

  no-case@3.0.4:
    dependencies:
      lower-case: 2.0.2
      tslib: 2.6.2

  node-fetch@2.7.0:
    dependencies:
      whatwg-url: 5.0.0

  node-gyp-build@4.8.1:
    optional: true

  pako@2.1.0: {}

  regenerator-runtime@0.14.1: {}

  rpc-websockets@7.11.0:
    dependencies:
      eventemitter3: 4.0.7
      uuid: 8.3.2
      ws: 8.17.0(bufferutil@4.0.8)(utf-8-validate@5.0.10)
    optionalDependencies:
      bufferutil: 4.0.8
      utf-8-validate: 5.0.10

  safe-buffer@5.2.1: {}

  snake-case@3.0.4:
    dependencies:
      dot-case: 3.0.4
      tslib: 2.6.2

  superstruct@0.14.2: {}

  superstruct@0.15.5: {}

  superstruct@1.0.4: {}

  text-encoding-utf-8@1.0.2: {}

  through@2.3.8: {}

  toml@3.0.0: {}

  tr46@0.0.3: {}

  tslib@2.6.2: {}

  tweetnacl@1.0.3: {}

  typescript@5.4.5: {}

  undici-types@5.26.5: {}

  utf-8-validate@5.0.10:
    dependencies:
      node-gyp-build: 4.8.1
    optional: true

  uuid@8.3.2: {}

  webidl-conversions@3.0.1: {}

  whatwg-url@5.0.0:
    dependencies:
      tr46: 0.0.3
      webidl-conversions: 3.0.1

  ws@7.5.9(bufferutil@4.0.8)(utf-8-validate@5.0.10):
    optionalDependencies:
      bufferutil: 4.0.8
      utf-8-validate: 5.0.10

  ws@8.17.0(bufferutil@4.0.8)(utf-8-validate@5.0.10):
    optionalDependencies:
      bufferutil: 4.0.8
      utf-8-validate: 5.0.10
