# THIS IS AN AUTOGENERATED FILE. DO NOT EDIT THIS FILE DIRECTLY.
# yarn lockfile v1


"@babel/runtime@^7.12.5", "@babel/runtime@^7.17.2":
  "integrity" "sha512-xwII0//EObnq89Ji5AKYQaRYiW/nZ3llSv29d49IuxPhKbtJoLP+9QUUZ4nVragQVtaVGeZrpB+ZtG/Pdy/POw=="
  "resolved" "https://registry.npmjs.org/@babel/runtime/-/runtime-7.21.0.tgz"
  "version" "7.21.0"
  dependencies:
    "regenerator-runtime" "^0.13.11"

"@coral-xyz/anchor@^0.26.0":
  "integrity" "sha512-PxRl+wu5YyptWiR9F2MBHOLLibm87Z4IMUBPreX+DYBtPM+xggvcPi0KAN7+kIL4IrIhXI8ma5V0MCXxSN1pHg=="
  "resolved" "https://registry.npmjs.org/@coral-xyz/anchor/-/anchor-0.26.0.tgz"
  "version" "0.26.0"
  dependencies:
    "@coral-xyz/borsh" "^0.26.0"
    "@solana/web3.js" "^1.68.0"
    "base64-js" "^1.5.1"
    "bn.js" "^5.1.2"
    "bs58" "^4.0.1"
    "buffer-layout" "^1.2.2"
    "camelcase" "^6.3.0"
    "cross-fetch" "^3.1.5"
    "crypto-hash" "^1.3.0"
    "eventemitter3" "^4.0.7"
    "js-sha256" "^0.9.0"
    "pako" "^2.0.3"
    "snake-case" "^3.0.4"
    "superstruct" "^0.15.4"
    "toml" "^3.0.0"

"@coral-xyz/borsh@^0.26.0":
  "integrity" "sha512-uCZ0xus0CszQPHYfWAqKS5swS1UxvePu83oOF+TWpUkedsNlg6p2p4azxZNSSqwXb9uXMFgxhuMBX9r3Xoi0vQ=="
  "resolved" "https://registry.npmjs.org/@coral-xyz/borsh/-/borsh-0.26.0.tgz"
  "version" "0.26.0"
  dependencies:
    "bn.js" "^5.1.2"
    "buffer-layout" "^1.2.0"

"@cspotcode/source-map-support@^0.8.0":
  "integrity" "sha512-IchNf6dN4tHoMFIn/7OE8LWZ19Y6q/67Bmf6vnGREv8RSbBVb9LPJxEcnwrcwX6ixSvaiGoomAUvu4YSxXrVgw=="
  "resolved" "https://registry.npmjs.org/@cspotcode/source-map-support/-/source-map-support-0.8.1.tgz"
  "version" "0.8.1"
  dependencies:
    "@jridgewell/trace-mapping" "0.3.9"

"@jridgewell/resolve-uri@^3.0.3":
  "integrity" "sha512-F2msla3tad+Mfht5cJq7LSXcdudKTWCVYUgw6pLFOOHSTtZlj6SWNYAp+AhuqLmWdBO2X5hPrLcu8cVP8fy28w=="
  "resolved" "https://registry.npmjs.org/@jridgewell/resolve-uri/-/resolve-uri-3.1.0.tgz"
  "version" "3.1.0"

"@jridgewell/sourcemap-codec@^1.4.10":
  "integrity" "sha512-XPSJHWmi394fuUuzDnGz1wiKqWfo1yXecHQMRf2l6hztTO+nPru658AyDngaBe7isIxEkRsPR3FZh+s7iVa4Uw=="
  "resolved" "https://registry.npmjs.org/@jridgewell/sourcemap-codec/-/sourcemap-codec-1.4.14.tgz"
  "version" "1.4.14"

"@jridgewell/trace-mapping@0.3.9":
  "integrity" "sha512-3Belt6tdc8bPgAtbcmdtNJlirVoTmEb5e2gC94PnkwEW9jI6CAHUeoG85tjWP5WquqfavoMtMwiG4P926ZKKuQ=="
  "resolved" "https://registry.npmjs.org/@jridgewell/trace-mapping/-/trace-mapping-0.3.9.tgz"
  "version" "0.3.9"
  dependencies:
    "@jridgewell/resolve-uri" "^3.0.3"
    "@jridgewell/sourcemap-codec" "^1.4.10"

"@noble/ed25519@^1.7.0":
  "integrity" "sha512-iR8GBkDt0Q3GyaVcIu7mSsVIqnFbkbRzGLWlvhwunacoLwt4J3swfKhfaM6rN6WY+TBGoYT1GtT1mIh2/jGbRQ=="
  "resolved" "https://registry.npmjs.org/@noble/ed25519/-/ed25519-1.7.3.tgz"
  "version" "1.7.3"

"@noble/hashes@^1.1.2":
  "integrity" "sha512-FZfhjEDbT5GRswV3C6uvLPHMiVD6lQBmpoX5+eSiPaMTXte/IKqI5dykDxzZB/WBeK/CDuQRBWarPdi3FNY2zQ=="
  "resolved" "https://registry.npmjs.org/@noble/hashes/-/hashes-1.2.0.tgz"
  "version" "1.2.0"

"@noble/secp256k1@^1.6.3":
  "integrity" "sha512-hOUk6AyBFmqVrv7k5WAw/LpszxVbj9gGN4JRkIX52fdFAj1UA61KXmZDvqVEm+pOyec3+fIeZB02LYa/pWOArw=="
  "resolved" "https://registry.npmjs.org/@noble/secp256k1/-/secp256k1-1.7.1.tgz"
  "version" "1.7.1"

"@solana/buffer-layout@^4.0.0":
  "integrity" "sha512-E1ImOIAD1tBZFRdjeM4/pzTiTApC0AOBGwyAMS4fwIodCWArzJ3DWdoh8cKxeFM2fElkxBh2Aqts1BPC373rHA=="
  "resolved" "https://registry.npmjs.org/@solana/buffer-layout/-/buffer-layout-4.0.1.tgz"
  "version" "4.0.1"
  dependencies:
    "buffer" "~6.0.3"

"@solana/web3.js@^1.68.0", "@solana/web3.js@^1.73.2":
  "integrity" "sha512-vHRMo589XEIpoujpE2sZZ1aMZvfA1ImKfNxobzEFyMb+H5j6mRRUXfdgWD0qJ0sm11e5BcBC7HPeRXJB+7f3Lg=="
  "resolved" "https://registry.npmjs.org/@solana/web3.js/-/web3.js-1.73.3.tgz"
  "version" "1.73.3"
  dependencies:
    "@babel/runtime" "^7.12.5"
    "@noble/ed25519" "^1.7.0"
    "@noble/hashes" "^1.1.2"
    "@noble/secp256k1" "^1.6.3"
    "@solana/buffer-layout" "^4.0.0"
    "agentkeepalive" "^4.2.1"
    "bigint-buffer" "^1.1.5"
    "bn.js" "^5.0.0"
    "borsh" "^0.7.0"
    "bs58" "^4.0.1"
    "buffer" "6.0.1"
    "fast-stable-stringify" "^1.0.0"
    "jayson" "^3.4.4"
    "node-fetch" "^2.6.7"
    "rpc-websockets" "^7.5.1"
    "superstruct" "^0.14.2"

"@tsconfig/node10@^1.0.7":
  "integrity" "sha512-jNsYVVxU8v5g43Erja32laIDHXeoNvFEpX33OK4d6hljo3jDhCBDhx5dhCCTMWUojscpAagGiRkBKxpdl9fxqA=="
  "resolved" "https://registry.npmjs.org/@tsconfig/node10/-/node10-1.0.9.tgz"
  "version" "1.0.9"

"@tsconfig/node12@^1.0.7":
  "integrity" "sha512-cqefuRsh12pWyGsIoBKJA9luFu3mRxCA+ORZvA4ktLSzIuCUtWVxGIuXigEwO5/ywWFMZ2QEGKWvkZG1zDMTag=="
  "resolved" "https://registry.npmjs.org/@tsconfig/node12/-/node12-1.0.11.tgz"
  "version" "1.0.11"

"@tsconfig/node14@^1.0.0":
  "integrity" "sha512-ysT8mhdixWK6Hw3i1V2AeRqZ5WfXg1G43mqoYlM2nc6388Fq5jcXyr5mRsqViLx/GJYdoL0bfXD8nmF+Zn/Iow=="
  "resolved" "https://registry.npmjs.org/@tsconfig/node14/-/node14-1.0.3.tgz"
  "version" "1.0.3"

"@tsconfig/node16@^1.0.2":
  "integrity" "sha512-yOlFc+7UtL/89t2ZhjPvvB/DeAr3r+Dq58IgzsFkOAvVC6NMJXmCGjbptdXdR9qsX7pKcTL+s87FtYREi2dEEQ=="
  "resolved" "https://registry.npmjs.org/@tsconfig/node16/-/node16-1.0.3.tgz"
  "version" "1.0.3"

"@types/body-parser@*":
  "integrity" "sha512-ALYone6pm6QmwZoAgeyNksccT9Q4AWZQ6PvfwR37GT6r6FWUPguq6sUmNGSMV2Wr761oQoBxwGGa6DR5o1DC9g=="
  "resolved" "https://registry.npmjs.org/@types/body-parser/-/body-parser-1.19.2.tgz"
  "version" "1.19.2"
  dependencies:
    "@types/connect" "*"
    "@types/node" "*"

"@types/connect@*", "@types/connect@^3.4.33":
  "integrity" "sha512-cdeYyv4KWoEgpBISTxWvqYsVy444DOqehiF3fM3ne10AmJ62RSyNkUnxMJXHQWRQQX2eR94m5y1IZyDwBjV9FQ=="
  "resolved" "https://registry.npmjs.org/@types/connect/-/connect-3.4.35.tgz"
  "version" "3.4.35"
  dependencies:
    "@types/node" "*"

"@types/express-serve-static-core@^4.17.33":
  "integrity" "sha512-TPBqmR/HRYI3eC2E5hmiivIzv+bidAfXofM+sbonAGvyDhySGw9/PQZFt2BLOrjUUR++4eJVpx6KnLQK1Fk9tA=="
  "resolved" "https://registry.npmjs.org/@types/express-serve-static-core/-/express-serve-static-core-4.17.33.tgz"
  "version" "4.17.33"
  dependencies:
    "@types/node" "*"
    "@types/qs" "*"
    "@types/range-parser" "*"

"@types/express@^4.17.17":
  "integrity" "sha512-Q4FmmuLGBG58btUnfS1c1r/NQdlp3DMfGDGig8WhfpA2YRUtEkxAjkZb0yvplJGYdF1fsQ81iMDcH24sSCNC/Q=="
  "resolved" "https://registry.npmjs.org/@types/express/-/express-4.17.17.tgz"
  "version" "4.17.17"
  dependencies:
    "@types/body-parser" "*"
    "@types/express-serve-static-core" "^4.17.33"
    "@types/qs" "*"
    "@types/serve-static" "*"

"@types/mime@*":
  "integrity" "sha512-Y4XFY5VJAuw0FgAqPNd6NNoV44jbq9Bz2L7Rh/J6jLTiHBSBJa9fxqQIvkIld4GsoDOcCbvzOUAbLPsSKKg+uA=="
  "resolved" "https://registry.npmjs.org/@types/mime/-/mime-3.0.1.tgz"
  "version" "3.0.1"

"@types/node@*", "@types/node@^18.14.1":
  "integrity" "sha512-93+VvleD3mXwlLI/xASjw0FzKcwzl3OdTCzm1LaRfqgS21gfFtK3zDXM5Op9TeeMsJVOaJ2VRDpT9q4Y3d0AvA=="
  "resolved" "https://registry.npmjs.org/@types/node/-/node-18.14.6.tgz"
  "version" "18.14.6"

"@types/node@^12.12.54":
  "integrity" "sha512-J8xLz7q2OFulZ2cyGTLE1TbbZcjpno7FaN6zdJNrgAdrJ+DZzh/uFR6YrTb4C+nXakvud8Q4+rbhoIWlYQbUFQ=="
  "resolved" "https://registry.npmjs.org/@types/node/-/node-12.20.55.tgz"
  "version" "12.20.55"

"@types/qs@*":
  "integrity" "sha512-FGa1F62FT09qcrueBA6qYTrJPVDzah9a+493+o2PCXsesWHIn27G98TsSMs3WPNbZIEj4+VJf6saSFpvD+3Zsw=="
  "resolved" "https://registry.npmjs.org/@types/qs/-/qs-6.9.7.tgz"
  "version" "6.9.7"

"@types/range-parser@*":
  "integrity" "sha512-EEhsLsD6UsDM1yFhAvy0Cjr6VwmpMWqFBCb9w07wVugF7w9nfajxLuVmngTIpgS6svCnm6Vaw+MZhoDCKnOfsw=="
  "resolved" "https://registry.npmjs.org/@types/range-parser/-/range-parser-1.2.4.tgz"
  "version" "1.2.4"

"@types/serve-static@*":
  "integrity" "sha512-NUo5XNiAdULrJENtJXZZ3fHtfMolzZwczzBbnAeBbqBwG+LaG6YaJtuwzwGSQZ2wsCrxjEhNNjAkKigy3n8teQ=="
  "resolved" "https://registry.npmjs.org/@types/serve-static/-/serve-static-1.15.1.tgz"
  "version" "1.15.1"
  dependencies:
    "@types/mime" "*"
    "@types/node" "*"

"@types/ws@^7.4.4":
  "integrity" "sha512-JQbbmxZTZehdc2iszGKs5oC3NFnjeay7mtAWrdt7qNtAVK0g19muApzAy4bm9byz79xa2ZnO/BOBC2R8RC5Lww=="
  "resolved" "https://registry.npmjs.org/@types/ws/-/ws-7.4.7.tgz"
  "version" "7.4.7"
  dependencies:
    "@types/node" "*"

"accepts@~1.3.8":
  "integrity" "sha512-PYAthTa2m2VKxuvSD3DPC/Gy+U+sOA1LAuT8mkmRuvw+NACSaeXEQ+NHcVF7rONl6qcaxV3Uuemwawk+7+SJLw=="
  "resolved" "https://registry.npmjs.org/accepts/-/accepts-1.3.8.tgz"
  "version" "1.3.8"
  dependencies:
    "mime-types" "~2.1.34"
    "negotiator" "0.6.3"

"acorn-walk@^8.1.1":
  "integrity" "sha512-k+iyHEuPgSw6SbuDpGQM+06HQUa04DZ3o+F6CSzXMvvI5KMvnaEqXe+YVe555R9nn6GPt404fos4wcgpw12SDA=="
  "resolved" "https://registry.npmjs.org/acorn-walk/-/acorn-walk-8.2.0.tgz"
  "version" "8.2.0"

"acorn@^8.4.1":
  "integrity" "sha512-xjIYgE8HBrkpd/sJqOGNspf8uHG+NOHGOw6a/Urj8taM2EXfdNAH2oFcPeIFfsv3+kz/mJrS5VuMqbNLjCa2vw=="
  "resolved" "https://registry.npmjs.org/acorn/-/acorn-8.8.2.tgz"
  "version" "8.8.2"

"agentkeepalive@^4.2.1":
  "integrity" "sha512-7Epl1Blf4Sy37j4v9f9FjICCh4+KAQOyXgHEwlyBiAQLbhKdq/i2QQU3amQalS/wPhdPzDXPL5DMR5bkn+YeWg=="
  "resolved" "https://registry.npmjs.org/agentkeepalive/-/agentkeepalive-4.3.0.tgz"
  "version" "4.3.0"
  dependencies:
    "debug" "^4.1.0"
    "depd" "^2.0.0"
    "humanize-ms" "^1.2.1"

"arg@^4.1.0":
  "integrity" "sha512-58S9QDqG0Xx27YwPSt9fJxivjYl432YCwfDMfZ+71RAqUrZef7LrKQZ3LHLOwCS4FLNBplP533Zx895SeOCHvA=="
  "resolved" "https://registry.npmjs.org/arg/-/arg-4.1.3.tgz"
  "version" "4.1.3"

"array-flatten@1.1.1":
  "integrity" "sha512-PCVAQswWemu6UdxsDFFX/+gVeYqKAod3D3UVm91jHwynguOwAvYPhx8nNlM++NqRcK6CxxpUafjmhIdKiHibqg=="
  "resolved" "https://registry.npmjs.org/array-flatten/-/array-flatten-1.1.1.tgz"
  "version" "1.1.1"

"base-x@^3.0.2":
  "integrity" "sha512-H7JU6iBHTal1gp56aKoaa//YUxEaAOUiydvrV/pILqIHXTtqxSkATOnDA2u+jZ/61sD+L/412+7kzXRtWukhpQ=="
  "resolved" "https://registry.npmjs.org/base-x/-/base-x-3.0.9.tgz"
  "version" "3.0.9"
  dependencies:
    "safe-buffer" "^5.0.1"

"base64-js@^1.3.1", "base64-js@^1.5.1":
  "integrity" "sha512-AKpaYlHn8t4SVbOHCy+b5+KKgvR4vrsD8vbvrbiQJps7fKDTkjkDry6ji0rUJjC0kzbNePLwzxq8iypo41qeWA=="
  "resolved" "https://registry.npmjs.org/base64-js/-/base64-js-1.5.1.tgz"
  "version" "1.5.1"

"bigint-buffer@^1.1.5":
  "integrity" "sha512-trfYco6AoZ+rKhKnxA0hgX0HAbVP/s808/EuDSe2JDzUnCp/xAsli35Orvk67UrTEcwuxZqYZDmfA2RXJgxVvA=="
  "resolved" "https://registry.npmjs.org/bigint-buffer/-/bigint-buffer-1.1.5.tgz"
  "version" "1.1.5"
  dependencies:
    "bindings" "^1.3.0"

"bindings@^1.3.0":
  "integrity" "sha512-p2q/t/mhvuOj/UeLlV6566GD/guowlr0hHxClI0W9m7MWYkL1F0hLo+0Aexs9HSPCtR1SXQ0TD3MMKrXZajbiQ=="
  "resolved" "https://registry.npmjs.org/bindings/-/bindings-1.5.0.tgz"
  "version" "1.5.0"
  dependencies:
    "file-uri-to-path" "1.0.0"

"bn.js@^5.0.0", "bn.js@^5.1.2", "bn.js@^5.2.0":
  "integrity" "sha512-eXRvHzWyYPBuB4NBy0cmYQjGitUrtqwbvlzP3G6VFnNRbsZQIxQ10PbKKHt8gZ/HW/D/747aDl+QkDqg3KQLMQ=="
  "resolved" "https://registry.npmjs.org/bn.js/-/bn.js-5.2.1.tgz"
  "version" "5.2.1"

"body-parser@1.20.1":
  "integrity" "sha512-jWi7abTbYwajOytWCQc37VulmWiRae5RyTpaCyDcS5/lMdtwSz5lOpDE67srw/HYe35f1z3fDQw+3txg7gNtWw=="
  "resolved" "https://registry.npmjs.org/body-parser/-/body-parser-1.20.1.tgz"
  "version" "1.20.1"
  dependencies:
    "bytes" "3.1.2"
    "content-type" "~1.0.4"
    "debug" "2.6.9"
    "depd" "2.0.0"
    "destroy" "1.2.0"
    "http-errors" "2.0.0"
    "iconv-lite" "0.4.24"
    "on-finished" "2.4.1"
    "qs" "6.11.0"
    "raw-body" "2.5.1"
    "type-is" "~1.6.18"
    "unpipe" "1.0.0"

"borsh@^0.7.0":
  "integrity" "sha512-CLCsZGIBCFnPtkNnieW/a8wmreDmfUtjU2m9yHrzPXIlNbqVs0AQrSatSG6vdNYUqdc83tkQi2eHfF98ubzQLA=="
  "resolved" "https://registry.npmjs.org/borsh/-/borsh-0.7.0.tgz"
  "version" "0.7.0"
  dependencies:
    "bn.js" "^5.2.0"
    "bs58" "^4.0.0"
    "text-encoding-utf-8" "^1.0.2"

"bs58@^4.0.0", "bs58@^4.0.1":
  "integrity" "sha512-Ok3Wdf5vOIlBrgCvTq96gBkJw+JUEzdBgyaza5HLtPm7yTHkjRy8+JzNyHF7BHa0bNWOQIp3m5YF0nnFcOIKLw=="
  "resolved" "https://registry.npmjs.org/bs58/-/bs58-4.0.1.tgz"
  "version" "4.0.1"
  dependencies:
    "base-x" "^3.0.2"

"buffer-layout@^1.2.0", "buffer-layout@^1.2.2":
  "integrity" "sha512-kWSuLN694+KTk8SrYvCqwP2WcgQjoRCiF5b4QDvkkz8EmgD+aWAIceGFKMIAdmF/pH+vpgNV3d3kAKorcdAmWA=="
  "resolved" "https://registry.npmjs.org/buffer-layout/-/buffer-layout-1.2.2.tgz"
  "version" "1.2.2"

"buffer@~6.0.3":
  "integrity" "sha512-FTiCpNxtwiZZHEZbcbTIcZjERVICn9yq/pDFkTl95/AxzD1naBctN7YO68riM/gLSDY7sdrMby8hofADYuuqOA=="
  "resolved" "https://registry.npmjs.org/buffer/-/buffer-6.0.3.tgz"
  "version" "6.0.3"
  dependencies:
    "base64-js" "^1.3.1"
    "ieee754" "^1.2.1"

"buffer@6.0.1":
  "integrity" "sha512-rVAXBwEcEoYtxnHSO5iWyhzV/O1WMtkUYWlfdLS7FjU4PnSJJHEfHXi/uHPI5EwltmOA794gN3bm3/pzuctWjQ=="
  "resolved" "https://registry.npmjs.org/buffer/-/buffer-6.0.1.tgz"
  "version" "6.0.1"
  dependencies:
    "base64-js" "^1.3.1"
    "ieee754" "^1.2.1"

"bufferutil@^4.0.1":
  "integrity" "sha512-kukuqc39WOHtdxtw4UScxF/WVnMFVSQVKhtx3AjZJzhd0RGZZldcrfSEbVsWWe6KNH253574cq5F+wpv0G9pJw=="
  "resolved" "https://registry.npmjs.org/bufferutil/-/bufferutil-4.0.7.tgz"
  "version" "4.0.7"
  dependencies:
    "node-gyp-build" "^4.3.0"

"bytes@3.1.2":
  "integrity" "sha512-/Nf7TyzTx6S3yRJObOAV7956r8cr2+Oj8AC5dt8wSP3BQAoeX58NoHyCU8P8zGkNXStjTSi6fzO6F0pBdcYbEg=="
  "resolved" "https://registry.npmjs.org/bytes/-/bytes-3.1.2.tgz"
  "version" "3.1.2"

"call-bind@^1.0.0":
  "integrity" "sha512-7O+FbCihrB5WGbFYesctwmTKae6rOiIzmz1icreWJ+0aA7LJfuqhEso2T9ncpcFtzMQtzXf2QGGueWJGTYsqrA=="
  "resolved" "https://registry.npmjs.org/call-bind/-/call-bind-1.0.2.tgz"
  "version" "1.0.2"
  dependencies:
    "function-bind" "^1.1.1"
    "get-intrinsic" "^1.0.2"

"camelcase@^6.3.0":
  "integrity" "sha512-Gmy6FhYlCY7uOElZUSbxo2UCDH8owEk996gkbrpsgGtrJLM3J7jGxl9Ic7Qwwj4ivOE5AWZWRMecDdF7hqGjFA=="
  "resolved" "https://registry.npmjs.org/camelcase/-/camelcase-6.3.0.tgz"
  "version" "6.3.0"

"commander@^2.20.3":
  "integrity" "sha512-GpVkmM8vF2vQUkj2LvZmD35JxeJOLCwJ9cUkugyk2nuhbv3+mJvpLYYt+0+USMxE+oj+ey/lJEnhZw75x/OMcQ=="
  "resolved" "https://registry.npmjs.org/commander/-/commander-2.20.3.tgz"
  "version" "2.20.3"

"content-disposition@0.5.4":
  "integrity" "sha512-FveZTNuGw04cxlAiWbzi6zTAL/lhehaWbTtgluJh4/E95DqMwTmha3KZN1aAWA8cFIhHzMZUvLevkw5Rqk+tSQ=="
  "resolved" "https://registry.npmjs.org/content-disposition/-/content-disposition-0.5.4.tgz"
  "version" "0.5.4"
  dependencies:
    "safe-buffer" "5.2.1"

"content-type@~1.0.4":
  "integrity" "sha512-nTjqfcBFEipKdXCv4YDQWCfmcLZKm81ldF0pAopTvyrFGVbcR6P/VAAd5G7N+0tTr8QqiU0tFadD6FK4NtJwOA=="
  "resolved" "https://registry.npmjs.org/content-type/-/content-type-1.0.5.tgz"
  "version" "1.0.5"

"cookie-signature@1.0.6":
  "integrity" "sha512-QADzlaHc8icV8I7vbaJXJwod9HWYp8uCqf1xa4OfNu1T7JVxQIrUgOWtHdNDtPiywmFbiS12VjotIXLrKM3orQ=="
  "resolved" "https://registry.npmjs.org/cookie-signature/-/cookie-signature-1.0.6.tgz"
  "version" "1.0.6"

"cookie@0.5.0":
  "integrity" "sha512-YZ3GUyn/o8gfKJlnlX7g7xq4gyO6OSuhGPKaaGssGB2qgDUS0gPgtTvoyZLTt9Ab6dC4hfc9dV5arkvc/OCmrw=="
  "resolved" "https://registry.npmjs.org/cookie/-/cookie-0.5.0.tgz"
  "version" "0.5.0"

"create-require@^1.1.0":
  "integrity" "sha512-dcKFX3jn0MpIaXjisoRvexIJVEKzaq7z2rZKxf+MSr9TkdmHmsU4m2lcLojrj/FHl8mk5VxMmYA+ftRkP/3oKQ=="
  "resolved" "https://registry.npmjs.org/create-require/-/create-require-1.1.1.tgz"
  "version" "1.1.1"

"cross-fetch@^3.1.5":
  "integrity" "sha512-lvb1SBsI0Z7GDwmuid+mU3kWVBwTVUbe7S0H52yaaAdQOXq2YktTCZdlAcNKFzE6QtRz0snpw9bNiPeOIkkQvw=="
  "resolved" "https://registry.npmjs.org/cross-fetch/-/cross-fetch-3.1.5.tgz"
  "version" "3.1.5"
  dependencies:
    "node-fetch" "2.6.7"

"crypto-hash@^1.3.0":
  "integrity" "sha512-lyAZ0EMyjDkVvz8WOeVnuCPvKVBXcMv1l5SVqO1yC7PzTwrD/pPje/BIRbWhMoPe436U+Y2nD7f5bFx0kt+Sbg=="
  "resolved" "https://registry.npmjs.org/crypto-hash/-/crypto-hash-1.3.0.tgz"
  "version" "1.3.0"

"debug@^4.1.0":
  "integrity" "sha512-PRWFHuSU3eDtQJPvnNY7Jcket1j0t5OuOsFzPPzsekD52Zl8qUfFIPEiswXqIvHWGVHOgX+7G/vCNNhehwxfkQ=="
  "resolved" "https://registry.npmjs.org/debug/-/debug-4.3.4.tgz"
  "version" "4.3.4"
  dependencies:
    "ms" "2.1.2"

"debug@2.6.9":
  "integrity" "sha512-bC7ElrdJaJnPbAP+1EotYvqZsb3ecl5wi6Bfi6BJTUcNowp6cvspg0jXznRTKDjm/E7AdgFBVeAPVMNcKGsHMA=="
  "resolved" "https://registry.npmjs.org/debug/-/debug-2.6.9.tgz"
  "version" "2.6.9"
  dependencies:
    "ms" "2.0.0"

"delay@^5.0.0":
  "integrity" "sha512-ReEBKkIfe4ya47wlPYf/gu5ib6yUG0/Aez0JQZQz94kiWtRQvZIQbTiehsnwHvLSWJnQdhVeqYue7Id1dKr0qw=="
  "resolved" "https://registry.npmjs.org/delay/-/delay-5.0.0.tgz"
  "version" "5.0.0"

"depd@^2.0.0", "depd@2.0.0":
  "integrity" "sha512-g7nH6P6dyDioJogAAGprGpCtVImJhpPk/roCzdb3fIh61/s/nPsfR6onyMwkCAR/OlC3yBC0lESvUoQEAssIrw=="
  "resolved" "https://registry.npmjs.org/depd/-/depd-2.0.0.tgz"
  "version" "2.0.0"

"destroy@1.2.0":
  "integrity" "sha512-2sJGJTaXIIaR1w4iJSNoN0hnMY7Gpc/n8D4qSCJw8QqFWXf7cuAgnEHxBpweaVcPevC2l3KpjYCx3NypQQgaJg=="
  "resolved" "https://registry.npmjs.org/destroy/-/destroy-1.2.0.tgz"
  "version" "1.2.0"

"diff@^4.0.1":
  "integrity" "sha512-58lmxKSA4BNyLz+HHMUzlOEpg09FV+ev6ZMe3vJihgdxzgcwZ8VoEEPmALCZG9LmqfVoNMMKpttIYTVG6uDY7A=="
  "resolved" "https://registry.npmjs.org/diff/-/diff-4.0.2.tgz"
  "version" "4.0.2"

"dot-case@^3.0.4":
  "integrity" "sha512-Kv5nKlh6yRrdrGvxeJ2e5y2eRUpkUosIW4A2AS38zwSz27zu7ufDwQPi5Jhs3XAlGNetl3bmnGhQsMtkKJnj3w=="
  "resolved" "https://registry.npmjs.org/dot-case/-/dot-case-3.0.4.tgz"
  "version" "3.0.4"
  dependencies:
    "no-case" "^3.0.4"
    "tslib" "^2.0.3"

"ee-first@1.1.1":
  "integrity" "sha512-WMwm9LhRUo+WUaRN+vRuETqG89IgZphVSNkdFgeb6sS/E4OrDIN7t48CAewSHXc6C8lefD8KKfr5vY61brQlow=="
  "resolved" "https://registry.npmjs.org/ee-first/-/ee-first-1.1.1.tgz"
  "version" "1.1.1"

"encodeurl@~1.0.2":
  "integrity" "sha512-TPJXq8JqFaVYm2CWmPvnP2Iyo4ZSM7/QKcSmuMLDObfpH5fi7RUGmd/rTDf+rut/saiDiQEeVTNgAmJEdAOx0w=="
  "resolved" "https://registry.npmjs.org/encodeurl/-/encodeurl-1.0.2.tgz"
  "version" "1.0.2"

"es6-promise@^4.0.3":
  "integrity" "sha512-HJDGx5daxeIvxdBxvG2cb9g4tEvwIk3i8+nhX0yGrYmZUzbkdg8QbDevheDB8gd0//uPj4c1EQua8Q+MViT0/w=="
  "resolved" "https://registry.npmjs.org/es6-promise/-/es6-promise-4.2.8.tgz"
  "version" "4.2.8"

"es6-promisify@^5.0.0":
  "integrity" "sha512-C+d6UdsYDk0lMebHNR4S2NybQMMngAOnOwYBQjTOiv0MkoJMP0Myw2mgpDLBcpfCmRLxyFqYhS/CfOENq4SJhQ=="
  "resolved" "https://registry.npmjs.org/es6-promisify/-/es6-promisify-5.0.0.tgz"
  "version" "5.0.0"
  dependencies:
    "es6-promise" "^4.0.3"

"escape-html@~1.0.3":
  "integrity" "sha512-NiSupZ4OeuGwr68lGIeym/ksIZMJodUGOSCZ/FSnTxcrekbvqrgdUxlJOMpijaKZVjAJrWrGs/6Jy8OMuyj9ow=="
  "resolved" "https://registry.npmjs.org/escape-html/-/escape-html-1.0.3.tgz"
  "version" "1.0.3"

"etag@~1.8.1":
  "integrity" "sha512-aIL5Fx7mawVa300al2BnEE4iNvo1qETxLrPI/o05L7z6go7fCw1J6EQmbK4FmJ2AS7kgVF/KEZWufBfdClMcPg=="
  "resolved" "https://registry.npmjs.org/etag/-/etag-1.8.1.tgz"
  "version" "1.8.1"

"eventemitter3@^4.0.7":
  "integrity" "sha512-8guHBZCwKnFhYdHr2ysuRWErTwhoN2X8XELRlrRwpmfeY2jjuUN4taQMsULKUVo1K4DvZl+0pgfyoysHxvmvEw=="
  "resolved" "https://registry.npmjs.org/eventemitter3/-/eventemitter3-4.0.7.tgz"
  "version" "4.0.7"

"express@^4.18.2":
  "integrity" "sha512-5/PsL6iGPdfQ/lKM1UuielYgv3BUoJfz1aUwU9vHZ+J7gyvwdQXFEBIEIaxeGf0GIcreATNyBExtalisDbuMqQ=="
  "resolved" "https://registry.npmjs.org/express/-/express-4.18.2.tgz"
  "version" "4.18.2"
  dependencies:
    "accepts" "~1.3.8"
    "array-flatten" "1.1.1"
    "body-parser" "1.20.1"
    "content-disposition" "0.5.4"
    "content-type" "~1.0.4"
    "cookie" "0.5.0"
    "cookie-signature" "1.0.6"
    "debug" "2.6.9"
    "depd" "2.0.0"
    "encodeurl" "~1.0.2"
    "escape-html" "~1.0.3"
    "etag" "~1.8.1"
    "finalhandler" "1.2.0"
    "fresh" "0.5.2"
    "http-errors" "2.0.0"
    "merge-descriptors" "1.0.1"
    "methods" "~1.1.2"
    "on-finished" "2.4.1"
    "parseurl" "~1.3.3"
    "path-to-regexp" "0.1.7"
    "proxy-addr" "~2.0.7"
    "qs" "6.11.0"
    "range-parser" "~1.2.1"
    "safe-buffer" "5.2.1"
    "send" "0.18.0"
    "serve-static" "1.15.0"
    "setprototypeof" "1.2.0"
    "statuses" "2.0.1"
    "type-is" "~1.6.18"
    "utils-merge" "1.0.1"
    "vary" "~1.1.2"

"eyes@^0.1.8":
  "integrity" "sha512-GipyPsXO1anza0AOZdy69Im7hGFCNB7Y/NGjDlZGJ3GJJLtwNSb2vrzYrTYJRrRloVx7pl+bhUaTB8yiccPvFQ=="
  "resolved" "https://registry.npmjs.org/eyes/-/eyes-0.1.8.tgz"
  "version" "0.1.8"

"fast-stable-stringify@^1.0.0":
  "integrity" "sha512-wpYMUmFu5f00Sm0cj2pfivpmawLZ0NKdviQ4w9zJeR8JVtOpOxHmLaJuj0vxvGqMJQWyP/COUkF75/57OKyRag=="
  "resolved" "https://registry.npmjs.org/fast-stable-stringify/-/fast-stable-stringify-1.0.0.tgz"
  "version" "1.0.0"

"file-uri-to-path@1.0.0":
  "integrity" "sha512-0Zt+s3L7Vf1biwWZ29aARiVYLx7iMGnEUl9x33fbB/j3jR81u/O2LbqK+Bm1CDSNDKVtJ/YjwY7TUd5SkeLQLw=="
  "resolved" "https://registry.npmjs.org/file-uri-to-path/-/file-uri-to-path-1.0.0.tgz"
  "version" "1.0.0"

"finalhandler@1.2.0":
  "integrity" "sha512-5uXcUVftlQMFnWC9qu/svkWv3GTd2PfUhK/3PLkYNAe7FbqJMt3515HaxE6eRL74GdsriiwujiawdaB1BpEISg=="
  "resolved" "https://registry.npmjs.org/finalhandler/-/finalhandler-1.2.0.tgz"
  "version" "1.2.0"
  dependencies:
    "debug" "2.6.9"
    "encodeurl" "~1.0.2"
    "escape-html" "~1.0.3"
    "on-finished" "2.4.1"
    "parseurl" "~1.3.3"
    "statuses" "2.0.1"
    "unpipe" "~1.0.0"

"forwarded@0.2.0":
  "integrity" "sha512-buRG0fpBtRHSTCOASe6hD258tEubFoRLb4ZNA6NxMVHNw2gOcwHo9wyablzMzOA5z9xA9L1KNjk/Nt6MT9aYow=="
  "resolved" "https://registry.npmjs.org/forwarded/-/forwarded-0.2.0.tgz"
  "version" "0.2.0"

"fresh@0.5.2":
  "integrity" "sha512-zJ2mQYM18rEFOudeV4GShTGIQ7RbzA7ozbU9I/XBpm7kqgMywgmylMwXHxZJmkVoYkna9d2pVXVXPdYTP9ej8Q=="
  "resolved" "https://registry.npmjs.org/fresh/-/fresh-0.5.2.tgz"
  "version" "0.5.2"

"function-bind@^1.1.1":
  "integrity" "sha512-yIovAzMX49sF8Yl58fSCWJ5svSLuaibPxXQJFLmBObTuCr0Mf1KiPopGM9NiFjiYBCbfaa2Fh6breQ6ANVTI0A=="
  "resolved" "https://registry.npmjs.org/function-bind/-/function-bind-1.1.1.tgz"
  "version" "1.1.1"

"get-intrinsic@^1.0.2":
  "integrity" "sha512-L049y6nFOuom5wGyRc3/gdTLO94dySVKRACj1RmJZBQXlbTMhtNIgkWkUHq+jYmZvKf14EW1EoJnnjbmoHij0Q=="
  "resolved" "https://registry.npmjs.org/get-intrinsic/-/get-intrinsic-1.2.0.tgz"
  "version" "1.2.0"
  dependencies:
    "function-bind" "^1.1.1"
    "has" "^1.0.3"
    "has-symbols" "^1.0.3"

"has-symbols@^1.0.3":
  "integrity" "sha512-l3LCuF6MgDNwTDKkdYGEihYjt5pRPbEg46rtlmnSPlUbgmB8LOIrKJbYYFBSbnPaJexMKtiPO8hmeRjRz2Td+A=="
  "resolved" "https://registry.npmjs.org/has-symbols/-/has-symbols-1.0.3.tgz"
  "version" "1.0.3"

"has@^1.0.3":
  "integrity" "sha512-f2dvO0VU6Oej7RkWJGrehjbzMAjFp5/VKPp5tTpWIV4JHHZK1/BxbFRtf/siA2SWTe09caDmVtYYzWEIbBS4zw=="
  "resolved" "https://registry.npmjs.org/has/-/has-1.0.3.tgz"
  "version" "1.0.3"
  dependencies:
    "function-bind" "^1.1.1"

"http-errors@2.0.0":
  "integrity" "sha512-FtwrG/euBzaEjYeRqOgly7G0qviiXoJWnvEH2Z1plBdXgbyjv34pHTSb9zoeHMyDy33+DWy5Wt9Wo+TURtOYSQ=="
  "resolved" "https://registry.npmjs.org/http-errors/-/http-errors-2.0.0.tgz"
  "version" "2.0.0"
  dependencies:
    "depd" "2.0.0"
    "inherits" "2.0.4"
    "setprototypeof" "1.2.0"
    "statuses" "2.0.1"
    "toidentifier" "1.0.1"

"humanize-ms@^1.2.1":
  "integrity" "sha512-Fl70vYtsAFb/C06PTS9dZBo7ihau+Tu/DNCk/OyHhea07S+aeMWpFFkUaXRa8fI+ScZbEI8dfSxwY7gxZ9SAVQ=="
  "resolved" "https://registry.npmjs.org/humanize-ms/-/humanize-ms-1.2.1.tgz"
  "version" "1.2.1"
  dependencies:
    "ms" "^2.0.0"

"iconv-lite@0.4.24":
  "integrity" "sha512-v3MXnZAcvnywkTUEZomIActle7RXXeedOR31wwl7VlyoXO4Qi9arvSenNQWne1TcRwhCL1HwLI21bEqdpj8/rA=="
  "resolved" "https://registry.npmjs.org/iconv-lite/-/iconv-lite-0.4.24.tgz"
  "version" "0.4.24"
  dependencies:
    "safer-buffer" ">= 2.1.2 < 3"

"ieee754@^1.2.1":
  "integrity" "sha512-dcyqhDvX1C46lXZcVqCpK+FtMRQVdIMN6/Df5js2zouUsqG7I6sFxitIC+7KYK29KdXOLHdu9zL4sFnoVQnqaA=="
  "resolved" "https://registry.npmjs.org/ieee754/-/ieee754-1.2.1.tgz"
  "version" "1.2.1"

"inherits@2.0.4":
  "integrity" "sha512-k/vGaX4/Yla3WzyMCvTQOXYeIHvqOKtnqBduzTHpzpQZzAskKMhZ2K+EnBiSM9zGSoIFeMpXKxa4dYeZIQqewQ=="
  "resolved" "https://registry.npmjs.org/inherits/-/inherits-2.0.4.tgz"
  "version" "2.0.4"

"ipaddr.js@1.9.1":
  "integrity" "sha512-0KI/607xoxSToH7GjN1FfSbLoU0+btTicjsQSWQlh/hZykN8KpmMf7uYwPW3R+akZ6R/w18ZlXSHBYXiYUPO3g=="
  "resolved" "https://registry.npmjs.org/ipaddr.js/-/ipaddr.js-1.9.1.tgz"
  "version" "1.9.1"

"isomorphic-ws@^4.0.1":
  "integrity" "sha512-BhBvN2MBpWTaSHdWRb/bwdZJ1WaehQ2L1KngkCkfLUGF0mAWAT1sQUQacEmQ0jXkFw/czDXPNQSL5u2/Krsz1w=="
  "resolved" "https://registry.npmjs.org/isomorphic-ws/-/isomorphic-ws-4.0.1.tgz"
  "version" "4.0.1"

"jayson@^3.4.4":
  "integrity" "sha512-tfy39KJMrrXJ+mFcMpxwBvFDetS8LAID93+rycFglIQM4kl3uNR3W4lBLE/FFhsoUCEox5Dt2adVpDm/XtebbQ=="
  "resolved" "https://registry.npmjs.org/jayson/-/jayson-3.7.0.tgz"
  "version" "3.7.0"
  dependencies:
    "@types/connect" "^3.4.33"
    "@types/node" "^12.12.54"
    "@types/ws" "^7.4.4"
    "commander" "^2.20.3"
    "delay" "^5.0.0"
    "es6-promisify" "^5.0.0"
    "eyes" "^0.1.8"
    "isomorphic-ws" "^4.0.1"
    "json-stringify-safe" "^5.0.1"
    "JSONStream" "^1.3.5"
    "lodash" "^4.17.20"
    "uuid" "^8.3.2"
    "ws" "^7.4.5"

"js-sha256@^0.9.0":
  "integrity" "sha512-sga3MHh9sgQN2+pJ9VYZ+1LPwXOxuBJBA5nrR5/ofPfuiJBE2hnjsaN8se8JznOmGLN2p49Pe5U/ttafcs/apA=="
  "resolved" "https://registry.npmjs.org/js-sha256/-/js-sha256-0.9.0.tgz"
  "version" "0.9.0"

"json-stringify-safe@^5.0.1":
  "integrity" "sha512-ZClg6AaYvamvYEE82d3Iyd3vSSIjQ+odgjaTzRuO3s7toCdFKczob2i0zCh7JE8kWn17yvAWhUVxvqGwUalsRA=="
  "resolved" "https://registry.npmjs.org/json-stringify-safe/-/json-stringify-safe-5.0.1.tgz"
  "version" "5.0.1"

"jsonparse@^1.2.0":
  "integrity" "sha512-POQXvpdL69+CluYsillJ7SUhKvytYjW9vG/GKpnf+xP8UWgYEM/RaMzHHofbALDiKbbP1W8UEYmgGl39WkPZsg=="
  "resolved" "https://registry.npmjs.org/jsonparse/-/jsonparse-1.3.1.tgz"
  "version" "1.3.1"

"JSONStream@^1.3.5":
  "integrity" "sha512-E+iruNOY8VV9s4JEbe1aNEm6MiszPRr/UfcHMz0TQh1BXSxHK+ASV1R6W4HpjBhSeS+54PIsAMCBmwD06LLsqQ=="
  "resolved" "https://registry.npmjs.org/JSONStream/-/JSONStream-1.3.5.tgz"
  "version" "1.3.5"
  dependencies:
    "jsonparse" "^1.2.0"
    "through" ">=2.2.7 <3"

"light-sdk@file:../light-sdk-ts":
  "resolved" "file:../light-sdk-ts"
  "version" "0.0.1"
  dependencies:
    "@coral-xyz/anchor" "^0.26.0"
    "@noble/hashes" "^1.1.5"
    "@solana/spl-account-compression" "^0.1.5"
    "@solana/spl-token" "0.3.7"
    "@solana/web3.js" "1.73.2"
    "axios" "^1.3.4"
    "circomlib" "^2.0.5"
    "circomlibjs" "^0.1.7"
    "ffjavascript" "^0.2.54"
    "fs" "^0.0.1-security"
    "snarkjs" "^0.5.0"
    "tweetnacl" "^1.0.3"

"lodash@^4.17.20":
  "integrity" "sha512-v2kDEe57lecTulaDIuNTPy3Ry4gLGJ6Z1O3vE1krgXZNrsQ+LFTGHVxVjcXPs17LhbZVGedAJv8XZ1tvj5FvSg=="
  "resolved" "https://registry.npmjs.org/lodash/-/lodash-4.17.21.tgz"
  "version" "4.17.21"

"lower-case@^2.0.2":
  "integrity" "sha512-7fm3l3NAF9WfN6W3JOmf5drwpVqX78JtoGJ3A6W0a6ZnldM41w2fV5D490psKFTpMds8TJse/eHLFFsNHHjHgg=="
  "resolved" "https://registry.npmjs.org/lower-case/-/lower-case-2.0.2.tgz"
  "version" "2.0.2"
  dependencies:
    "tslib" "^2.0.3"

"make-error@^1.1.1":
  "integrity" "sha512-s8UhlNe7vPKomQhC1qFelMokr/Sc3AgNbso3n74mVPA5LTZwkB9NlXf4XPamLxJE8h0gh73rM94xvwRT2CVInw=="
  "resolved" "https://registry.npmjs.org/make-error/-/make-error-1.3.6.tgz"
  "version" "1.3.6"

"media-typer@0.3.0":
  "integrity" "sha512-dq+qelQ9akHpcOl/gUVRTxVIOkAJ1wR3QAvb4RsVjS8oVoFjDGTc679wJYmUmknUF5HwMLOgb5O+a3KxfWapPQ=="
  "resolved" "https://registry.npmjs.org/media-typer/-/media-typer-0.3.0.tgz"
  "version" "0.3.0"

"merge-descriptors@1.0.1":
  "integrity" "sha512-cCi6g3/Zr1iqQi6ySbseM1Xvooa98N0w31jzUYrXPX2xqObmFGHJ0tQ5u74H3mVh7wLouTseZyYIq39g8cNp1w=="
  "resolved" "https://registry.npmjs.org/merge-descriptors/-/merge-descriptors-1.0.1.tgz"
  "version" "1.0.1"

"methods@~1.1.2":
  "integrity" "sha512-iclAHeNqNm68zFtnZ0e+1L2yUIdvzNoauKU4WBA3VvH/vPFieF7qfRlwUZU+DA9P9bPXIS90ulxoUoCH23sV2w=="
  "resolved" "https://registry.npmjs.org/methods/-/methods-1.1.2.tgz"
  "version" "1.1.2"

"mime-db@1.52.0":
  "integrity" "sha512-sPU4uV7dYlvtWJxwwxHD0PuihVNiE7TyAbQ5SWxDCB9mUYvOgroQOwYQQOKPJ8CIbE+1ETVlOoK1UC2nU3gYvg=="
  "resolved" "https://registry.npmjs.org/mime-db/-/mime-db-1.52.0.tgz"
  "version" "1.52.0"

"mime-types@~2.1.24", "mime-types@~2.1.34":
  "integrity" "sha512-ZDY+bPm5zTTF+YpCrAU9nK0UgICYPT0QtT1NZWFv4s++TNkcgVaT0g6+4R2uI4MjQjzysHB1zxuWL50hzaeXiw=="
  "resolved" "https://registry.npmjs.org/mime-types/-/mime-types-2.1.35.tgz"
  "version" "2.1.35"
  dependencies:
    "mime-db" "1.52.0"

"mime@1.6.0":
  "integrity" "sha512-x0Vn8spI+wuJ1O6S7gnbaQg8Pxh4NNHb7KSINmEWKiPE4RKOplvijn+NkmYmmRgP68mc70j2EbeTFRsrswaQeg=="
  "resolved" "https://registry.npmjs.org/mime/-/mime-1.6.0.tgz"
  "version" "1.6.0"

"ms@^2.0.0", "ms@2.1.2":
  "integrity" "sha512-sGkPx+VjMtmA6MX27oA4FBFELFCZZ4S4XqeGOXCv68tT+jb3vk/RyaKWP0PTKyWtmLSM0b+adUTEvbs1PEaH2w=="
  "resolved" "https://registry.npmjs.org/ms/-/ms-2.1.2.tgz"
  "version" "2.1.2"

"ms@2.0.0":
  "integrity" "sha512-Tpp60P6IUJDTuOq/5Z8cdskzJujfwqfOTkrwIwj7IRISpnkJnT6SyJ4PCPnGMoFjC9ddhal5KVIYtAt97ix05A=="
  "resolved" "https://registry.npmjs.org/ms/-/ms-2.0.0.tgz"
  "version" "2.0.0"

"ms@2.1.3":
  "integrity" "sha512-6FlzubTLZG3J2a/NVCAleEhjzq5oxgHyaCU9yYXvcLsvoVaHJq/s5xXI6/XXP6tz7R9xAOtHnSO/tXtF3WRTlA=="
  "resolved" "https://registry.npmjs.org/ms/-/ms-2.1.3.tgz"
  "version" "2.1.3"

"negotiator@0.6.3":
  "integrity" "sha512-+EUsqGPLsM+j/zdChZjsnX51g4XrHFOIXwfnCVPGlQk/k5giakcKsuxCObBRu6DSm9opw/O6slWbJdghQM4bBg=="
  "resolved" "https://registry.npmjs.org/negotiator/-/negotiator-0.6.3.tgz"
  "version" "0.6.3"

"no-case@^3.0.4":
  "integrity" "sha512-fgAN3jGAh+RoxUGZHTSOLJIqUc2wmoBwGR4tbpNAKmmovFoWq0OdRkb0VkldReO2a2iBT/OEulG9XSUc10r3zg=="
  "resolved" "https://registry.npmjs.org/no-case/-/no-case-3.0.4.tgz"
  "version" "3.0.4"
  dependencies:
    "lower-case" "^2.0.2"
    "tslib" "^2.0.3"

"node-fetch@^2.6.7":
  "integrity" "sha512-DJm/CJkZkRjKKj4Zi4BsKVZh3ValV5IR5s7LVZnW+6YMh0W1BfNA8XSs6DLMGYlId5F3KnA70uu2qepcR08Qqg=="
  "resolved" "https://registry.npmjs.org/node-fetch/-/node-fetch-2.6.9.tgz"
  "version" "2.6.9"
  dependencies:
    "whatwg-url" "^5.0.0"

"node-fetch@2.6.7":
  "integrity" "sha512-ZjMPFEfVx5j+y2yF35Kzx5sF7kDzxuDj6ziH4FFbOp87zKDZNx8yExJIb05OGF4Nlt9IHFIMBkRl41VdvcNdbQ=="
  "resolved" "https://registry.npmjs.org/node-fetch/-/node-fetch-2.6.7.tgz"
  "version" "2.6.7"
  dependencies:
    "whatwg-url" "^5.0.0"

"node-gyp-build@^4.3.0":
  "integrity" "sha512-NTZVKn9IylLwUzaKjkas1e4u2DLNcV4rdYagA4PWdPwW87Bi7z+BznyKSRwS/761tV/lzCGXplWsiaMjLqP2zQ=="
  "resolved" "https://registry.npmjs.org/node-gyp-build/-/node-gyp-build-4.6.0.tgz"
  "version" "4.6.0"

"object-inspect@^1.9.0":
  "integrity" "sha512-geUvdk7c+eizMNUDkRpW1wJwgfOiOeHbxBR/hLXK1aT6zmVSO0jsQcs7fj6MGw89jC/cjGfLcNOrtMYtGqm81g=="
  "resolved" "https://registry.npmjs.org/object-inspect/-/object-inspect-1.12.3.tgz"
  "version" "1.12.3"

"on-finished@2.4.1":
  "integrity" "sha512-oVlzkg3ENAhCk2zdv7IJwd/QUD4z2RxRwpkcGY8psCVcCYZNq4wYnVWALHM+brtuJjePWiYF/ClmuDr8Ch5+kg=="
  "resolved" "https://registry.npmjs.org/on-finished/-/on-finished-2.4.1.tgz"
  "version" "2.4.1"
  dependencies:
    "ee-first" "1.1.1"

"pako@^2.0.3":
  "integrity" "sha512-w+eufiZ1WuJYgPXbV/PO3NCMEc3xqylkKHzp8bxp1uW4qaSNQUkwmLLEc3kKsfz8lpV1F8Ht3U1Cm+9Srog2ug=="
  "resolved" "https://registry.npmjs.org/pako/-/pako-2.1.0.tgz"
  "version" "2.1.0"

"parseurl@~1.3.3":
  "integrity" "sha512-CiyeOxFT/JZyN5m0z9PfXw4SCBJ6Sygz1Dpl0wqjlhDEGGBP1GnsUVEL0p63hoG1fcj3fHynXi9NYO4nWOL+qQ=="
  "resolved" "https://registry.npmjs.org/parseurl/-/parseurl-1.3.3.tgz"
  "version" "1.3.3"

"path-to-regexp@0.1.7":
  "integrity" "sha512-5DFkuoqlv1uYQKxy8omFBeJPQcdoE07Kv2sferDCrAq1ohOU+MSDswDIbnx3YAM60qIOnYa53wBhXW0EbMonrQ=="
  "resolved" "https://registry.npmjs.org/path-to-regexp/-/path-to-regexp-0.1.7.tgz"
  "version" "0.1.7"

"proxy-addr@~2.0.7":
  "integrity" "sha512-llQsMLSUDUPT44jdrU/O37qlnifitDP+ZwrmmZcoSKyLKvtZxpyV0n2/bD/N4tBAAZ/gJEdZU7KMraoK1+XYAg=="
  "resolved" "https://registry.npmjs.org/proxy-addr/-/proxy-addr-2.0.7.tgz"
  "version" "2.0.7"
  dependencies:
    "forwarded" "0.2.0"
    "ipaddr.js" "1.9.1"

"qs@6.11.0":
  "integrity" "sha512-MvjoMCJwEarSbUYk5O+nmoSzSutSsTwF85zcHPQ9OrlFoZOYIjaqBAJIqIXjptyD5vThxGq52Xu/MaJzRkIk4Q=="
  "resolved" "https://registry.npmjs.org/qs/-/qs-6.11.0.tgz"
  "version" "6.11.0"
  dependencies:
    "side-channel" "^1.0.4"

"range-parser@~1.2.1":
  "integrity" "sha512-Hrgsx+orqoygnmhFbKaHE6c296J+HTAQXoxEF6gNupROmmGJRoyzfG3ccAveqCBrwr/2yxQ5BVd/GTl5agOwSg=="
  "resolved" "https://registry.npmjs.org/range-parser/-/range-parser-1.2.1.tgz"
  "version" "1.2.1"

"raw-body@2.5.1":
  "integrity" "sha512-qqJBtEyVgS0ZmPGdCFPWJ3FreoqvG4MVQln/kCgF7Olq95IbOp0/BWyMwbdtn4VTvkM8Y7khCQ2Xgk/tcrCXig=="
  "resolved" "https://registry.npmjs.org/raw-body/-/raw-body-2.5.1.tgz"
  "version" "2.5.1"
  dependencies:
    "bytes" "3.1.2"
    "http-errors" "2.0.0"
    "iconv-lite" "0.4.24"
    "unpipe" "1.0.0"

"regenerator-runtime@^0.13.11":
  "integrity" "sha512-kY1AZVr2Ra+t+piVaJ4gxaFaReZVH40AKNo7UCX6W+dEwBo/2oZJzqfuN1qLq1oL45o56cPaTXELwrTh8Fpggg=="
  "resolved" "https://registry.npmjs.org/regenerator-runtime/-/regenerator-runtime-0.13.11.tgz"
  "version" "0.13.11"

"rpc-websockets@^7.5.1":
  "integrity" "sha512-kGFkeTsmd37pHPMaHIgN1LVKXMi0JD782v4Ds9ZKtLlwdTKjn+CxM9A9/gLT2LaOuEcEFGL98h1QWQtlOIdW0w=="
  "resolved" "https://registry.npmjs.org/rpc-websockets/-/rpc-websockets-7.5.1.tgz"
  "version" "7.5.1"
  dependencies:
    "@babel/runtime" "^7.17.2"
    "eventemitter3" "^4.0.7"
    "uuid" "^8.3.2"
    "ws" "^8.5.0"
  optionalDependencies:
    "bufferutil" "^4.0.1"
    "utf-8-validate" "^5.0.2"

"safe-buffer@^5.0.1", "safe-buffer@5.2.1":
  "integrity" "sha512-rp3So07KcdmmKbGvgaNxQSJr7bGVSVk5S9Eq1F+ppbRo70+YeaDxkw5Dd8NPN+GD6bjnYm2VuPuCXmpuYvmCXQ=="
  "resolved" "https://registry.npmjs.org/safe-buffer/-/safe-buffer-5.2.1.tgz"
  "version" "5.2.1"

"safer-buffer@>= 2.1.2 < 3":
  "integrity" "sha512-YZo3K82SD7Riyi0E1EQPojLz7kpepnSQI9IyPbHHg1XXXevb5dJI7tpyN2ADxGcQbHG7vcyRHk0cbwqcQriUtg=="
  "resolved" "https://registry.npmjs.org/safer-buffer/-/safer-buffer-2.1.2.tgz"
  "version" "2.1.2"

"send@0.18.0":
  "integrity" "sha512-qqWzuOjSFOuqPjFe4NOsMLafToQQwBSOEpS+FwEt3A2V3vKubTquT3vmLTQpFgMXp8AlFWFuP1qKaJZOtPpVXg=="
  "resolved" "https://registry.npmjs.org/send/-/send-0.18.0.tgz"
  "version" "0.18.0"
  dependencies:
    "debug" "2.6.9"
    "depd" "2.0.0"
    "destroy" "1.2.0"
    "encodeurl" "~1.0.2"
    "escape-html" "~1.0.3"
    "etag" "~1.8.1"
    "fresh" "0.5.2"
    "http-errors" "2.0.0"
    "mime" "1.6.0"
    "ms" "2.1.3"
    "on-finished" "2.4.1"
    "range-parser" "~1.2.1"
    "statuses" "2.0.1"

"serve-static@1.15.0":
  "integrity" "sha512-XGuRDNjXUijsUL0vl6nSD7cwURuzEgglbOaFuZM9g3kwDXOWVTck0jLzjPzGD+TazWbboZYu52/9/XPdUgne9g=="
  "resolved" "https://registry.npmjs.org/serve-static/-/serve-static-1.15.0.tgz"
  "version" "1.15.0"
  dependencies:
    "encodeurl" "~1.0.2"
    "escape-html" "~1.0.3"
    "parseurl" "~1.3.3"
    "send" "0.18.0"

"setprototypeof@1.2.0":
  "integrity" "sha512-E5LDX7Wrp85Kil5bhZv46j8jOeboKq5JMmYM3gVGdGH8xFpPWXUMsNrlODCrkoxMEeNi/XZIwuRvY4XNwYMJpw=="
  "resolved" "https://registry.npmjs.org/setprototypeof/-/setprototypeof-1.2.0.tgz"
  "version" "1.2.0"

"side-channel@^1.0.4":
  "integrity" "sha512-q5XPytqFEIKHkGdiMIrY10mvLRvnQh42/+GoBlFW3b2LXLE2xxJpZFdm94we0BaoV3RwJyGqg5wS7epxTv0Zvw=="
  "resolved" "https://registry.npmjs.org/side-channel/-/side-channel-1.0.4.tgz"
  "version" "1.0.4"
  dependencies:
    "call-bind" "^1.0.0"
    "get-intrinsic" "^1.0.2"
    "object-inspect" "^1.9.0"

"snake-case@^3.0.4":
  "integrity" "sha512-LAOh4z89bGQvl9pFfNF8V146i7o7/CqFPbqzYgP+yYzDIDeS9HaNFtXABamRW+AQzEVODcvE79ljJ+8a9YSdMg=="
  "resolved" "https://registry.npmjs.org/snake-case/-/snake-case-3.0.4.tgz"
  "version" "3.0.4"
  dependencies:
    "dot-case" "^3.0.4"
    "tslib" "^2.0.3"

"statuses@2.0.1":
  "integrity" "sha512-RwNA9Z/7PrK06rYLIzFMlaF+l73iwpzsqRIFgbMLbTcLD6cOao82TaWefPXQvB2fOC4AjuYSEndS7N/mTCbkdQ=="
  "resolved" "https://registry.npmjs.org/statuses/-/statuses-2.0.1.tgz"
  "version" "2.0.1"

"superstruct@^0.14.2":
  "integrity" "sha512-nPewA6m9mR3d6k7WkZ8N8zpTWfenFH3q9pA2PkuiZxINr9DKB2+40wEQf0ixn8VaGuJ78AB6iWOtStI+/4FKZQ=="
  "resolved" "https://registry.npmjs.org/superstruct/-/superstruct-0.14.2.tgz"
  "version" "0.14.2"

"superstruct@^0.15.4":
  "integrity" "sha512-4AOeU+P5UuE/4nOUkmcQdW5y7i9ndt1cQd/3iUe+LTz3RxESf/W/5lg4B74HbDMMv8PHnPnGCQFH45kBcrQYoQ=="
  "resolved" "https://registry.npmjs.org/superstruct/-/superstruct-0.15.5.tgz"
  "version" "0.15.5"

"text-encoding-utf-8@^1.0.2":
  "integrity" "sha512-8bw4MY9WjdsD2aMtO0OzOCY3pXGYNx2d2FfHRVUKkiCPDWjKuOlhLVASS+pD7VkLTVjW268LYJHwsnPFlBpbAg=="
  "resolved" "https://registry.npmjs.org/text-encoding-utf-8/-/text-encoding-utf-8-1.0.2.tgz"
  "version" "1.0.2"

"through@>=2.2.7 <3":
  "integrity" "sha512-w89qg7PI8wAdvX60bMDP+bFoD5Dvhm9oLheFp5O4a2QF0cSBGsBX4qZmadPMvVqlLJBBci+WqGGOAPvcDeNSVg=="
  "resolved" "https://registry.npmjs.org/through/-/through-2.3.8.tgz"
  "version" "2.3.8"

"toidentifier@1.0.1":
  "integrity" "sha512-o5sSPKEkg/DIQNmH43V0/uerLrpzVedkUh8tGNvaeXpfpuwjKenlSox/2O/BTlZUtEe+JG7s5YhEz608PlAHRA=="
  "resolved" "https://registry.npmjs.org/toidentifier/-/toidentifier-1.0.1.tgz"
  "version" "1.0.1"

"toml@^3.0.0":
  "integrity" "sha512-y/mWCZinnvxjTKYhJ+pYxwD0mRLVvOtdS2Awbgxln6iEnt4rk0yBxeSBHkGJcPucRiG0e55mwWp+g/05rsrd6w=="
  "resolved" "https://registry.npmjs.org/toml/-/toml-3.0.0.tgz"
  "version" "3.0.0"

"tr46@~0.0.3":
  "integrity" "sha512-N3WMsuqV66lT30CrXNbEjx4GEwlow3v6rr4mCcv6prnfwhS01rkgyFdjPNBYd9br7LpXV1+Emh01fHnq2Gdgrw=="
  "resolved" "https://registry.npmjs.org/tr46/-/tr46-0.0.3.tgz"
  "version" "0.0.3"

"ts-node@^10.9.1":
  "integrity" "sha512-NtVysVPkxxrwFGUUxGYhfux8k78pQB3JqYBXlLRZgdGUqTO5wU/UyHop5p70iEbGhB7q5KmiZiU0Y3KlJrScEw=="
  "resolved" "https://registry.npmjs.org/ts-node/-/ts-node-10.9.1.tgz"
  "version" "10.9.1"
  dependencies:
    "@cspotcode/source-map-support" "^0.8.0"
    "@tsconfig/node10" "^1.0.7"
    "@tsconfig/node12" "^1.0.7"
    "@tsconfig/node14" "^1.0.0"
    "@tsconfig/node16" "^1.0.2"
    "acorn" "^8.4.1"
    "acorn-walk" "^8.1.1"
    "arg" "^4.1.0"
    "create-require" "^1.1.0"
    "diff" "^4.0.1"
    "make-error" "^1.1.1"
    "v8-compile-cache-lib" "^3.0.1"
    "yn" "3.1.1"

"tslib@^2.0.3":
  "integrity" "sha512-336iVw3rtn2BUK7ORdIAHTyxHGRIHVReokCR3XjbckJMK7ms8FysBfhLR8IXnAgy7T0PTPNBWKiH514FOW/WSg=="
  "resolved" "https://registry.npmjs.org/tslib/-/tslib-2.5.0.tgz"
  "version" "2.5.0"

"type-is@~1.6.18":
  "integrity" "sha512-TkRKr9sUTxEH8MdfuCSP7VizJyzRNMjj2J2do2Jr3Kym598JVdEksuzPQCnlFPW4ky9Q+iA+ma9BGm06XQBy8g=="
  "resolved" "https://registry.npmjs.org/type-is/-/type-is-1.6.18.tgz"
  "version" "1.6.18"
  dependencies:
    "media-typer" "0.3.0"
    "mime-types" "~2.1.24"

"typescript@^4.9.5", "typescript@>=2.7":
  "integrity" "sha512-1FXk9E2Hm+QzZQ7z+McJiHL4NW1F2EzMu9Nq9i3zAaGqibafqYwCVU6WyWAuyQRRzOlxou8xZSyXLEN8oKj24g=="
  "resolved" "https://registry.npmjs.org/typescript/-/typescript-4.9.5.tgz"
  "version" "4.9.5"

"unpipe@~1.0.0", "unpipe@1.0.0":
  "integrity" "sha512-pjy2bYhSsufwWlKwPc+l3cN7+wuJlK6uz0YdJEOlQDbl6jo/YlPi4mb8agUkVC8BF7V8NuzeyPNqRksA3hztKQ=="
  "resolved" "https://registry.npmjs.org/unpipe/-/unpipe-1.0.0.tgz"
  "version" "1.0.0"

"utf-8-validate@^5.0.2", "utf-8-validate@>=5.0.2":
  "integrity" "sha512-Z6czzLq4u8fPOyx7TU6X3dvUZVvoJmxSQ+IcrlmagKhilxlhZgxPK6C5Jqbkw1IDUmFTM+cz9QDnnLTwDz/2gQ=="
  "resolved" "https://registry.npmjs.org/utf-8-validate/-/utf-8-validate-5.0.10.tgz"
  "version" "5.0.10"
  dependencies:
    "node-gyp-build" "^4.3.0"

"utils-merge@1.0.1":
  "integrity" "sha512-pMZTvIkT1d+TFGvDOqodOclx0QWkkgi6Tdoa8gC8ffGAAqz9pzPTZWAybbsHHoED/ztMtkv/VoYTYyShUn81hA=="
  "resolved" "https://registry.npmjs.org/utils-merge/-/utils-merge-1.0.1.tgz"
  "version" "1.0.1"

"uuid@^8.3.2":
  "integrity" "sha512-+NYs2QeMWy+GWFOEm9xnn6HCDp0l7QBD7ml8zLUmJ+93Q5NF0NocErnwkTkXVFNiX3/fpC6afS8Dhb/gz7R7eg=="
  "resolved" "https://registry.npmjs.org/uuid/-/uuid-8.3.2.tgz"
  "version" "8.3.2"

"v8-compile-cache-lib@^3.0.1":
  "integrity" "sha512-wa7YjyUGfNZngI/vtK0UHAN+lgDCxBPCylVXGp0zu59Fz5aiGtNXaq3DhIov063MorB+VfufLh3JlF2KdTK3xg=="
  "resolved" "https://registry.npmjs.org/v8-compile-cache-lib/-/v8-compile-cache-lib-3.0.1.tgz"
  "version" "3.0.1"

"vary@~1.1.2":
  "integrity" "sha512-BNGbWLfd0eUPabhkXUVm0j8uuvREyTh5ovRa/dyow/BqAbZJyC+5fU+IzQOzmAKzYqYRAISoRhdQr3eIZ/PXqg=="
  "resolved" "https://registry.npmjs.org/vary/-/vary-1.1.2.tgz"
  "version" "1.1.2"

"webidl-conversions@^3.0.0":
  "integrity" "sha512-2JAn3z8AR6rjK8Sm8orRC0h/bcl/DqL7tRPdGZ4I1CjdF+EaMLmYxBHyXuKL849eucPFhvBoxMsflfOb8kxaeQ=="
  "resolved" "https://registry.npmjs.org/webidl-conversions/-/webidl-conversions-3.0.1.tgz"
  "version" "3.0.1"

"whatwg-url@^5.0.0":
  "integrity" "sha512-saE57nupxk6v3HY35+jzBwYa0rKSy0XR8JSxZPwgLr7ys0IBzhGviA1/TUGJLmSVqs8pb9AnvICXEuOHLprYTw=="
  "resolved" "https://registry.npmjs.org/whatwg-url/-/whatwg-url-5.0.0.tgz"
  "version" "5.0.0"
  dependencies:
    "tr46" "~0.0.3"
    "webidl-conversions" "^3.0.0"

"ws@*", "ws@^7.4.5":
  "integrity" "sha512-F+P9Jil7UiSKSkppIiD94dN07AwvFixvLIj1Og1Rl9GGMuNipJnV9JzjD6XuqmAeiswGvUmNLjr5cFuXwNS77Q=="
  "resolved" "https://registry.npmjs.org/ws/-/ws-7.5.9.tgz"
  "version" "7.5.9"

"ws@^8.5.0":
  "integrity" "sha512-1qo+M9Ba+xNhPB+YTWUlK6M17brTut5EXbcBaMRN5pH5dFrXz7lzz1ChFSUq3bOUl8yEvSenhHmYUNJxFzdJew=="
  "resolved" "https://registry.npmjs.org/ws/-/ws-8.12.1.tgz"
  "version" "8.12.1"

"yn@3.1.1":
  "integrity" "sha512-Ux4ygGWsu2c7isFWe8Yu1YluJmqVhxqK2cLXNQA5AcC3QfbGNpM7fu0Y8b/z16pXLnFxZYvWhd3fhBY9DLmC6Q=="
  "resolved" "https://registry.npmjs.org/yn/-/yn-3.1.1.tgz"
  "version" "3.1.1"
